
Microsoft Visual Studio Solution File, Format Version 12.00
# Visual Studio Version 16
VisualStudioVersion = 16.0.29411.108
MinimumVisualStudioVersion = 10.0.40219.1
Project("{9A19103F-16F7-4668-BE54-9A1E7A4F7556}") = "Day8Shite", "Day8Shite.csproj", "{BA5D3E3E-E96F-4A9E-B47C-1F5C5F6401AE}"
EndProject
Global
	GlobalSection(SolutionConfigurationPlatforms) = preSolution
		Debug|Any CPU = Debug|Any CPU
		Release|Any CPU = Release|Any CPU
	EndGlobalSection
	GlobalSection(ProjectConfigurationPlatforms) = postSolution
		{BA5D3E3E-E96F-4A9E-B47C-1F5C5F6401AE}.Debug|Any CPU.ActiveCfg = Debug|Any CPU
		{BA5D3E3E-E96F-4A9E-B47C-1F5C5F6401AE}.Debug|Any CPU.Build.0 = Debug|Any CPU
		{BA5D3E3E-E96F-4A9E-B47C-1F5C5F6401AE}.Release|Any CPU.ActiveCfg = Release|Any CPU
		{BA5D3E3E-E96F-4A9E-B47C-1F5C5F6401AE}.Release|Any CPU.Build.0 = Release|Any CPU
	EndGlobalSection
	GlobalSection(SolutionProperties) = preSolution
		HideSolutionNode = FALSE
	EndGlobalSection
	GlobalSection(ExtensibilityGlobals) = postSolution
		SolutionGuid = {0AB4B013-2DE2-4F88-92E2-5F9FFFF9EF7F}
	EndGlobalSection
EndGlobal
