
Microsoft Visual Studio Solution File, Format Version 12.00
# Visual Studio Version 16
VisualStudioVersion = 16.0.29411.108
MinimumVisualStudioVersion = 10.0.40219.1
Project("{9A19103F-16F7-4668-BE54-9A1E7A4F7556}") = "Day6Shite", "Day6Shite.csproj", "{A8EC21D6-E536-4817-AE1D-3F7264E28147}"
EndProject
Global
	GlobalSection(SolutionConfigurationPlatforms) = preSolution
		Debug|Any CPU = Debug|Any CPU
		Release|Any CPU = Release|Any CPU
	EndGlobalSection
	GlobalSection(ProjectConfigurationPlatforms) = postSolution
		{A8EC21D6-E536-4817-AE1D-3F7264E28147}.Debug|Any CPU.ActiveCfg = Debug|Any CPU
		{A8EC21D6-E536-4817-AE1D-3F7264E28147}.Debug|Any CPU.Build.0 = Debug|Any CPU
		{A8EC21D6-E536-4817-AE1D-3F7264E28147}.Release|Any CPU.ActiveCfg = Release|Any CPU
		{A8EC21D6-E536-4817-AE1D-3F7264E28147}.Release|Any CPU.Build.0 = Release|Any CPU
	EndGlobalSection
	GlobalSection(SolutionProperties) = preSolution
		HideSolutionNode = FALSE
	EndGlobalSection
	GlobalSection(ExtensibilityGlobals) = postSolution
		SolutionGuid = {CF612433-0F6B-44AE-8068-A22C921B7A49}
	EndGlobalSection
EndGlobal
