
Microsoft Visual Studio Solution File, Format Version 12.00
# Visual Studio Version 16
VisualStudioVersion = 16.0.29519.87
MinimumVisualStudioVersion = 10.0.40219.1
Project("{9A19103F-16F7-4668-BE54-9A1E7A4F7556}") = "Day10", "Day10.csproj", "{0F26DACF-F0A5-4CB3-98DE-BBF98AB51108}"
EndProject
Global
	GlobalSection(SolutionConfigurationPlatforms) = preSolution
		Debug|Any CPU = Debug|Any CPU
		Release|Any CPU = Release|Any CPU
	EndGlobalSection
	GlobalSection(ProjectConfigurationPlatforms) = postSolution
		{0F26DACF-F0A5-4CB3-98DE-BBF98AB51108}.Debug|Any CPU.ActiveCfg = Debug|Any CPU
		{0F26DACF-F0A5-4CB3-98DE-BBF98AB51108}.Debug|Any CPU.Build.0 = Debug|Any CPU
		{0F26DACF-F0A5-4CB3-98DE-BBF98AB51108}.Release|Any CPU.ActiveCfg = Release|Any CPU
		{0F26DACF-F0A5-4CB3-98DE-BBF98AB51108}.Release|Any CPU.Build.0 = Release|Any CPU
	EndGlobalSection
	GlobalSection(SolutionProperties) = preSolution
		HideSolutionNode = FALSE
	EndGlobalSection
	GlobalSection(ExtensibilityGlobals) = postSolution
		SolutionGuid = {ABE4D6B7-8D78-4F4A-B463-DA9CD8735146}
	EndGlobalSection
EndGlobal
