
Microsoft Visual Studio Solution File, Format Version 12.00
# Visual Studio Version 16
VisualStudioVersion = 16.0.29519.87
MinimumVisualStudioVersion = 10.0.40219.1
Project("{9A19103F-16F7-4668-BE54-9A1E7A4F7556}") = "Day11IntCode", "Day11IntCode.csproj", "{FB79DAF2-25A5-42A3-94E6-70CDF2852272}"
EndProject
Global
	GlobalSection(SolutionConfigurationPlatforms) = preSolution
		Debug|Any CPU = Debug|Any CPU
		Release|Any CPU = Release|Any CPU
	EndGlobalSection
	GlobalSection(ProjectConfigurationPlatforms) = postSolution
		{FB79DAF2-25A5-42A3-94E6-70CDF2852272}.Debug|Any CPU.ActiveCfg = Debug|Any CPU
		{FB79DAF2-25A5-42A3-94E6-70CDF2852272}.Debug|Any CPU.Build.0 = Debug|Any CPU
		{FB79DAF2-25A5-42A3-94E6-70CDF2852272}.Release|Any CPU.ActiveCfg = Release|Any CPU
		{FB79DAF2-25A5-42A3-94E6-70CDF2852272}.Release|Any CPU.Build.0 = Release|Any CPU
	EndGlobalSection
	GlobalSection(SolutionProperties) = preSolution
		HideSolutionNode = FALSE
	EndGlobalSection
	GlobalSection(ExtensibilityGlobals) = postSolution
		SolutionGuid = {BE7FB936-411F-4E22-B9C8-85052FF8455A}
	EndGlobalSection
EndGlobal
